
Microsoft Visual Studio Solution File, Format Version 12.00
# Visual Studio Version 17
VisualStudioVersion = 17.7.34018.315
MinimumVisualStudioVersion = 10.0.40219.1
Project("{8BC9CEB8-8B4A-11D0-8D11-00A0C91BC942}") = "Question 8", "Question 8.vcxproj", "{B52CEA50-5353-4BDA-9351-A379135AA6B8}"
EndProject
Global
	GlobalSection(SolutionConfigurationPlatforms) = preSolution
		Debug|x64 = Debug|x64
		Debug|x86 = Debug|x86
		Release|x64 = Release|x64
		Release|x86 = Release|x86
	EndGlobalSection
	GlobalSection(ProjectConfigurationPlatforms) = postSolution
		{B52CEA50-5353-4BDA-9351-A379135AA6B8}.Debug|x64.ActiveCfg = Debug|x64
		{B52CEA50-5353-4BDA-9351-A379135AA6B8}.Debug|x64.Build.0 = Debug|x64
		{B52CEA50-5353-4BDA-9351-A379135AA6B8}.Debug|x86.ActiveCfg = Debug|Win32
		{B52CEA50-5353-4BDA-9351-A379135AA6B8}.Debug|x86.Build.0 = Debug|Win32
		{B52CEA50-5353-4BDA-9351-A379135AA6B8}.Release|x64.ActiveCfg = Release|x64
		{B52CEA50-5353-4BDA-9351-A379135AA6B8}.Release|x64.Build.0 = Release|x64
		{B52CEA50-5353-4BDA-9351-A379135AA6B8}.Release|x86.ActiveCfg = Release|Win32
		{B52CEA50-5353-4BDA-9351-A379135AA6B8}.Release|x86.Build.0 = Release|Win32
	EndGlobalSection
	GlobalSection(SolutionProperties) = preSolution
		HideSolutionNode = FALSE
	EndGlobalSection
	GlobalSection(ExtensibilityGlobals) = postSolution
		SolutionGuid = {E86A5E4C-0800-4F0B-8DF1-AB8C359576BA}
	EndGlobalSection
EndGlobal
